// !$*UTF8*$!
{
	archiveVersion = 1;
	classes = {
	};
	objectVersion = 46;
	objects = {

/* Begin PBXBuildFile section */
		1487E51A1C52A48A00D78A8E /* AppDelegate.swift in Sources */ = {isa = PBXBuildFile; fileRef = 1487E5191C52A48A00D78A8E /* AppDelegate.swift */; };
		1487E51C1C52A48A00D78A8E /* ViewController.swift in Sources */ = {isa = PBXBuildFile; fileRef = 1487E51B1C52A48A00D78A8E /* ViewController.swift */; };
		1487E51F1C52A48A00D78A8E /* Main.storyboard in Resources */ = {isa = PBXBuildFile; fileRef = 1487E51D1C52A48A00D78A8E /* Main.storyboard */; };
		1487E5211C52A48A00D78A8E /* Assets.xcassets in Resources */ = {isa = PBXBuildFile; fileRef = 1487E5201C52A48A00D78A8E /* Assets.xcassets */; };
		1487E5241C52A48A00D78A8E /* LaunchScreen.storyboard in Resources */ = {isa = PBXBuildFile; fileRef = 1487E5221C52A48A00D78A8E /* LaunchScreen.storyboard */; };
		1487E52C1C53014B00D78A8E /* ViewController2.swift in Sources */ = {isa = PBXBuildFile; fileRef = 1487E52B1C53014B00D78A8E /* ViewController2.swift */; };
/* End PBXBuildFile section */

/* Begin PBXFileReference section */
		1487E5161C52A48A00D78A8E /* ProcesandoOpenLibrary.app */ = {isa = PBXFileReference; explicitFileType = wrapper.application; includeInIndex = 0; path = ProcesandoOpenLibrary.app; sourceTree = BUILT_PRODUCTS_DIR; };
		1487E5191C52A48A00D78A8E /* AppDelegate.swift */ = {isa = PBXFileReference; lastKnownFileType = sourcecode.swift; path = AppDelegate.swift; sourceTree = "<group>"; };
		1487E51B1C52A48A00D78A8E /* ViewController.swift */ = {isa = PBXFileReference; lastKnownFileType = sourcecode.swift; path = ViewController.swift; sourceTree = "<group>"; };
		1487E51E1C52A48A00D78A8E /* Base */ = {isa = PBXFileReference; lastKnownFileType = file.storyboard; name = Base; path = Base.lproj/Main.storyboard; sourceTree = "<group>"; };
		1487E5201C52A48A00D78A8E /* Assets.xcassets */ = {isa = PBXFileReference; lastKnownFileType = folder.assetcatalog; path = Assets.xcassets; sourceTree = "<group>"; };
		1487E5231C52A48A00D78A8E /* Base */ = {isa = PBXFileReference; lastKnownFileType = file.storyboard; name = Base; path = Base.lproj/LaunchScreen.storyboard; sourceTree = "<group>"; };
		1487E5251C52A48A00D78A8E /* Info.plist */ = {isa = PBXFileReference; lastKnownFileType = text.plist.xml; path = Info.plist; sourceTree = "<group>"; };
		1487E52B1C53014B00D78A8E /* ViewController2.swift */ = {isa = PBXFileReference; fileEncoding = 4; lastKnownFileType = sourcecode.swift; path = ViewController2.swift; sourceTree = "<group>"; };
/* End PBXFileReference section */

/* Begin PBXFrameworksBuildPhase section */
		1487E5131C52A48A00D78A8E /* Frameworks */ = {
			isa = PBXFrameworksBuildPhase;
			buildActionMask = 2147483647;
			files = (
			);
			runOnlyForDeploymentPostprocessing = 0;
		};
/* End PBXFrameworksBuildPhase section */

/* Begin PBXGroup section */
		1487E50D1C52A48A00D78A8E = {
			isa = PBXGroup;
			children = (
				1487E5181C52A48A00D78A8E /* ProcesandoOpenLibrary */,
				1487E5171C52A48A00D78A8E /* Products */,
			);
			sourceTree = "<group>";
		};
		1487E5171C52A48A00D78A8E /* Products */ = {
			isa = PBXGroup;
			children = (
				1487E5161C52A48A00D78A8E /* ProcesandoOpenLibrary.app */,
			);
			name = Products;
			sourceTree = "<group>";
		};
		1487E5181C52A48A00D78A8E /* ProcesandoOpenLibrary */ = {
			isa = PBXGroup;
			children = (
				1487E5191C52A48A00D78A8E /* AppDelegate.swift */,
				1487E51B1C52A48A00D78A8E /* ViewController.swift */,
				1487E51D1C52A48A00D78A8E /* Main.storyboard */,
				1487E5201C52A48A00D78A8E /* Assets.xcassets */,
				1487E5221C52A48A00D78A8E /* LaunchScreen.storyboard */,
				1487E5251C52A48A00D78A8E /* Info.plist */,
				1487E52B1C53014B00D78A8E /* ViewController2.swift */,
			);
			path = ProcesandoOpenLibrary;
			sourceTree = "<group>";
		};
/* End PBXGroup section */

/* Begin PBXNativeTarget section */
		1487E5151C52A48A00D78A8E /* ProcesandoOpenLibrary */ = {
			isa = PBXNativeTarget;
			buildConfigurationList = 1487E5281C52A48A00D78A8E /* Build configuration list for PBXNativeTarget "ProcesandoOpenLibrary" */;
			buildPhases = (
				1487E5121C52A48A00D78A8E /* Sources */,
				1487E5131C52A48A00D78A8E /* Frameworks */,
				1487E5141C52A48A00D78A8E /* Resources */,
			);
			buildRules = (
			);
			dependencies = (
			);
			name = ProcesandoOpenLibrary;
			productName = ProcesandoOpenLibrary;
			productReference = 1487E5161C52A48A00D78A8E /* ProcesandoOpenLibrary.app */;
			productType = "com.apple.product-type.application";
		};
/* End PBXNativeTarget section */

/* Begin PBXProject section */
		1487E50E1C52A48A00D78A8E /* Project object */ = {
			isa = PBXProject;
			attributes = {
				LastSwiftUpdateCheck = 0720;
				LastUpgradeCheck = 0720;
				ORGANIZATIONNAME = "Israel Durán Martínez";
				TargetAttributes = {
					1487E5151C52A48A00D78A8E = {
						CreatedOnToolsVersion = 7.2;
					};
				};
			};
			buildConfigurationList = 1487E5111C52A48A00D78A8E /* Build configuration list for PBXProject "ProcesandoOpenLibrary" */;
			compatibilityVersion = "Xcode 3.2";
			developmentRegion = English;
			hasScannedForEncodings = 0;
			knownRegions = (
				en,
				Base,
			);
			mainGroup = 1487E50D1C52A48A00D78A8E;
			productRefGroup = 1487E5171C52A48A00D78A8E /* Products */;
			projectDirPath = "";
			projectRoot = "";
			targets = (
				1487E5151C52A48A00D78A8E /* ProcesandoOpenLibrary */,
			);
		};
/* End PBXProject section */

/* Begin PBXResourcesBuildPhase section */
		1487E5141C52A48A00D78A8E /* Resources */ = {
			isa = PBXResourcesBuildPhase;
			buildActionMask = 2147483647;
			files = (
				1487E5241C52A48A00D78A8E /* LaunchScreen.storyboard in Resources */,
				1487E5211C52A48A00D78A8E /* Assets.xcassets in Resources */,
				1487E51F1C52A48A00D78A8E /* Main.storyboard in Resources */,
			);
			runOnlyForDeploymentPostprocessing = 0;
		};
/* End PBXResourcesBuildPhase section */

/* Begin PBXSourcesBuildPhase section */
		1487E5121C52A48A00D78A8E /* Sources */ = {
			isa = PBXSourcesBuildPhase;
			buildActionMask = 2147483647;
			files = (
				1487E51C1C52A48A00D78A8E /* ViewController.swift in Sources */,
				1487E51A1C52A48A00D78A8E /* AppDelegate.swift in Sources */,
				1487E52C1C53014B00D78A8E /* ViewController2.swift in Sources */,
			);
			runOnlyForDeploymentPostprocessing = 0;
		};
/* End PBXSourcesBuildPhase section */

/* Begin PBXVariantGroup section */
		1487E51D1C52A48A00D78A8E /* Main.storyboard */ = {
			isa = PBXVariantGroup;
			children = (
				1487E51E1C52A48A00D78A8E /* Base */,
			);
			name = Main.storyboard;
			sourceTree = "<group>";
		};
		1487E5221C52A48A00D78A8E /* LaunchScreen.storyboard */ = {
			isa = PBXVariantGroup;
			children = (
				1487E5231C52A48A00D78A8E /* Base */,
			);
			name = LaunchScreen.storyboard;
			sourceTree = "<group>";
		};
/* End PBXVariantGroup section */

/* Begin XCBuildConfiguration section */
		1487E5261C52A48A00D78A8E /* Debug */ = {
			isa = XCBuildConfiguration;
			buildSettings = {
				ALWAYS_SEARCH_USER_PATHS = NO;
				CLANG_CXX_LANGUAGE_STANDARD = "gnu++0x";
				CLANG_CXX_LIBRARY = "libc++";
				CLANG_ENABLE_MODULES = YES;
				CLANG_ENABLE_OBJC_ARC = YES;
				CLANG_WARN_BOOL_CONVERSION = YES;
				CLANG_WARN_CONSTANT_CONVERSION = YES;
				CLANG_WARN_DIRECT_OBJC_ISA_USAGE = YES_ERROR;
				CLANG_WARN_EMPTY_BODY = YES;
				CLANG_WARN_ENUM_CONVERSION = YES;
				CLANG_WARN_INT_CONVERSION = YES;
				CLANG_WARN_OBJC_ROOT_CLASS = YES_ERROR;
				CLANG_WARN_UNREACHABLE_CODE = YES;
				CLANG_WARN__DUPLICATE_METHOD_MATCH = YES;
				"CODE_SIGN_IDENTITY[sdk=iphoneos*]" = "iPhone Developer";
				COPY_PHASE_STRIP = NO;
				DEBUG_INFORMATION_FORMAT = dwarf;
				ENABLE_STRICT_OBJC_MSGSEND = YES;
				ENABLE_TESTABILITY = YES;
				GCC_C_LANGUAGE_STANDARD = gnu99;
				GCC_DYNAMIC_NO_PIC = NO;
				GCC_NO_COMMON_BLOCKS = YES;
				GCC_OPTIMIZATION_LEVEL = 0;
				GCC_PREPROCESSOR_DEFINITIONS = (
					"DEBUG=1",
					"$(inherited)",
				);
				GCC_WARN_64_TO_32_BIT_CONVERSION = YES;
				GCC_WARN_ABOUT_RETURN_TYPE = YES_ERROR;
				GCC_WARN_UNDECLARED_SELECTOR = YES;
				GCC_WARN_UNINITIALIZED_AUTOS = YES_AGGRESSIVE;
				GCC_WARN_UNUSED_FUNCTION = YES;
				GCC_WARN_UNUSED_VARIABLE = YES;
				IPHONEOS_DEPLOYMENT_TARGET = 9.2;
				MTL_ENABLE_DEBUG_INFO = YES;
				ONLY_ACTIVE_ARCH = YES;
				SDKROOT = iphoneos;
				SWIFT_OPTIMIZATION_LEVEL = "-Onone";
			};
			name = Debug;
		};
		1487E5271C52A48A00D78A8E /* Release */ = {
			isa = XCBuildConfiguration;
			buildSettings = {
				ALWAYS_SEARCH_USER_PATHS = NO;
				CLANG_CXX_LANGUAGE_STANDARD = "gnu++0x";
				CLANG_CXX_LIBRARY = "libc++";
				CLANG_ENABLE_MODULES = YES;
				CLANG_ENABLE_OBJC_ARC = YES;
				CLANG_WARN_BOOL_CONVERSION = YES;
				CLANG_WARN_CONSTANT_CONVERSION = YES;
				CLANG_WARN_DIRECT_OBJC_ISA_USAGE = YES_ERROR;
				CLANG_WARN_EMPTY_BODY = YES;
				CLANG_WARN_ENUM_CONVERSION = YES;
				CLANG_WARN_INT_CONVERSION = YES;
				CLANG_WARN_OBJC_ROOT_CLASS = YES_ERROR;
				CLANG_WARN_UNREACHABLE_CODE = YES;
				CLANG_WARN__DUPLICATE_METHOD_MATCH = YES;
				"CODE_SIGN_IDENTITY[sdk=iphoneos*]" = "iPhone Developer";
				COPY_PHASE_STRIP = NO;
				DEBUG_INFORMATION_FORMAT = "dwarf-with-dsym";
				ENABLE_NS_ASSERTIONS = NO;
				ENABLE_STRICT_OBJC_MSGSEND = YES;
				GCC_C_LANGUAGE_STANDARD = gnu99;
				GCC_NO_COMMON_BLOCKS = YES;
				GCC_WARN_64_TO_32_BIT_CONVERSION = YES;
				GCC_WARN_ABOUT_RETURN_TYPE = YES_ERROR;
				GCC_WARN_UNDECLARED_SELECTOR = YES;
				GCC_WARN_UNINITIALIZED_AUTOS = YES_AGGRESSIVE;
				GCC_WARN_UNUSED_FUNCTION = YES;
				GCC_WARN_UNUSED_VARIABLE = YES;
				IPHONEOS_DEPLOYMENT_TARGET = 9.2;
				MTL_ENABLE_DEBUG_INFO = NO;
				SDKROOT = iphoneos;
				VALIDATE_PRODUCT = YES;
			};
			name = Release;
		};
		1487E5291C52A48A00D78A8E /* Debug */ = {
			isa = XCBuildConfiguration;
			buildSettings = {
				ASSETCATALOG_COMPILER_APPICON_NAME = AppIcon;
				INFOPLIST_FILE = ProcesandoOpenLibrary/Info.plist;
				LD_RUNPATH_SEARCH_PATHS = "$(inherited) @executable_path/Frameworks";
				PRODUCT_BUNDLE_IDENTIFIER = dumi.ProcesandoOpenLibrary;
				PRODUCT_NAME = "$(TARGET_NAME)";
			};
			name = Debug;
		};
		1487E52A1C52A48A00D78A8E /* Release */ = {
			isa = XCBuildConfiguration;
			buildSettings = {
				ASSETCATALOG_COMPILER_APPICON_NAME = AppIcon;
				INFOPLIST_FILE = ProcesandoOpenLibrary/Info.plist;
				LD_RUNPATH_SEARCH_PATHS = "$(inherited) @executable_path/Frameworks";
				PRODUCT_BUNDLE_IDENTIFIER = dumi.ProcesandoOpenLibrary;
				PRODUCT_NAME = "$(TARGET_NAME)";
			};
			name = Release;
		};
/* End XCBuildConfiguration section */

/* Begin XCConfigurationList section */
		1487E5111C52A48A00D78A8E /* Build configuration list for PBXProject "ProcesandoOpenLibrary" */ = {
			isa = XCConfigurationList;
			buildConfigurations = (
				1487E5261C52A48A00D78A8E /* Debug */,
				1487E5271C52A48A00D78A8E /* Release */,
			);
			defaultConfigurationIsVisible = 0;
			defaultConfigurationName = Release;
		};
		1487E5281C52A48A00D78A8E /* Build configuration list for PBXNativeTarget "ProcesandoOpenLibrary" */ = {
			isa = XCConfigurationList;
			buildConfigurations = (
				1487E5291C52A48A00D78A8E /* Debug */,
				1487E52A1C52A48A00D78A8E /* Release */,
			);
			defaultConfigurationIsVisible = 0;
		};
/* End XCConfigurationList section */
	};
	rootObject = 1487E50E1C52A48A00D78A8E /* Project object */;
}
